// !$*UTF8*$!
{
	archiveVersion = 1;
	classes = {
	};
	objectVersion = 55;
	objects = {

/* Begin PBXBuildFile section */
		341349D428639424008845A7 /* CreatorDetailsViewController.swift in Sources */ = {isa = PBXBuildFile; fileRef = 341349D328639424008845A7 /* CreatorDetailsViewController.swift */; };
		341349D62863AAD6008845A7 /* roundedlayers.swift in Sources */ = {isa = PBXBuildFile; fileRef = 341349D52863AAD6008845A7 /* roundedlayers.swift */; };
		34E710F128626BE10028DB94 /* AppDelegate.swift in Sources */ = {isa = PBXBuildFile; fileRef = 34E710F028626BE10028DB94 /* AppDelegate.swift */; };
		34E710F328626BE10028DB94 /* SceneDelegate.swift in Sources */ = {isa = PBXBuildFile; fileRef = 34E710F228626BE10028DB94 /* SceneDelegate.swift */; };
		34E710F828626BE10028DB94 /* Main.storyboard in Resources */ = {isa = PBXBuildFile; fileRef = 34E710F628626BE10028DB94 /* Main.storyboard */; };
		34E710FA28626BE30028DB94 /* Assets.xcassets in Resources */ = {isa = PBXBuildFile; fileRef = 34E710F928626BE30028DB94 /* Assets.xcassets */; };
		34E710FD28626BE30028DB94 /* LaunchScreen.storyboard in Resources */ = {isa = PBXBuildFile; fileRef = 34E710FB28626BE30028DB94 /* LaunchScreen.storyboard */; };
		34E7110828626BE30028DB94 /* HotdropDemoTests.swift in Sources */ = {isa = PBXBuildFile; fileRef = 34E7110728626BE30028DB94 /* HotdropDemoTests.swift */; };
		34E7111228626BE30028DB94 /* HotdropDemoUITests.swift in Sources */ = {isa = PBXBuildFile; fileRef = 34E7111128626BE30028DB94 /* HotdropDemoUITests.swift */; };
		34E7111428626BE30028DB94 /* HotdropDemoUITestsLaunchTests.swift in Sources */ = {isa = PBXBuildFile; fileRef = 34E7111328626BE30028DB94 /* HotdropDemoUITestsLaunchTests.swift */; };
		34E7112228626D270028DB94 /* SDWebImageFLPlugin in Frameworks */ = {isa = PBXBuildFile; productRef = 34E7112128626D270028DB94 /* SDWebImageFLPlugin */; };
		34E7112A286270CA0028DB94 /* Giphy.swift in Sources */ = {isa = PBXBuildFile; fileRef = 34E71129286270CA0028DB94 /* Giphy.swift */; };
		34E7112F2862744D0028DB94 /* APIService.swift in Sources */ = {isa = PBXBuildFile; fileRef = 34E7112E2862744C0028DB94 /* APIService.swift */; };
		34E71131286274A70028DB94 /* Constants.swift in Sources */ = {isa = PBXBuildFile; fileRef = 34E71130286274A70028DB94 /* Constants.swift */; };
		34E71133286279D20028DB94 /* GiphyViewModel.swift in Sources */ = {isa = PBXBuildFile; fileRef = 34E71132286279D20028DB94 /* GiphyViewModel.swift */; };
		34E7113528627B780028DB94 /* GiphyTableViewDatasource.swift in Sources */ = {isa = PBXBuildFile; fileRef = 34E7113428627B770028DB94 /* GiphyTableViewDatasource.swift */; };
		34E7113728627BC10028DB94 /* GiphyViewController.swift in Sources */ = {isa = PBXBuildFile; fileRef = 34E7113628627BC10028DB94 /* GiphyViewController.swift */; };
		34E7113C28627C390028DB94 /* GiphyTableViewCell.swift in Sources */ = {isa = PBXBuildFile; fileRef = 34E7113B28627C390028DB94 /* GiphyTableViewCell.swift */; };
		34E7113F286381FF0028DB94 /* GihpyTapCellButtonProtocol.swift in Sources */ = {isa = PBXBuildFile; fileRef = 34E7113E286381FF0028DB94 /* GihpyTapCellButtonProtocol.swift */; };
/* End PBXBuildFile section */

/* Begin PBXContainerItemProxy section */
		34E7110428626BE30028DB94 /* PBXContainerItemProxy */ = {
			isa = PBXContainerItemProxy;
			containerPortal = 34E710E528626BE10028DB94 /* Project object */;
			proxyType = 1;
			remoteGlobalIDString = 34E710EC28626BE10028DB94;
			remoteInfo = HotdropDemo;
		};
		34E7110E28626BE30028DB94 /* PBXContainerItemProxy */ = {
			isa = PBXContainerItemProxy;
			containerPortal = 34E710E528626BE10028DB94 /* Project object */;
			proxyType = 1;
			remoteGlobalIDString = 34E710EC28626BE10028DB94;
			remoteInfo = HotdropDemo;
		};
/* End PBXContainerItemProxy section */

/* Begin PBXFileReference section */
		341349D328639424008845A7 /* CreatorDetailsViewController.swift */ = {isa = PBXFileReference; lastKnownFileType = sourcecode.swift; path = CreatorDetailsViewController.swift; sourceTree = "<group>"; };
		341349D52863AAD6008845A7 /* roundedlayers.swift */ = {isa = PBXFileReference; fileEncoding = 4; lastKnownFileType = sourcecode.swift; path = roundedlayers.swift; sourceTree = "<group>"; };
		34E710ED28626BE10028DB94 /* HotdropDemo.app */ = {isa = PBXFileReference; explicitFileType = wrapper.application; includeInIndex = 0; path = HotdropDemo.app; sourceTree = BUILT_PRODUCTS_DIR; };
		34E710F028626BE10028DB94 /* AppDelegate.swift */ = {isa = PBXFileReference; lastKnownFileType = sourcecode.swift; path = AppDelegate.swift; sourceTree = "<group>"; };
		34E710F228626BE10028DB94 /* SceneDelegate.swift */ = {isa = PBXFileReference; lastKnownFileType = sourcecode.swift; path = SceneDelegate.swift; sourceTree = "<group>"; };
		34E710F728626BE10028DB94 /* Base */ = {isa = PBXFileReference; lastKnownFileType = file.storyboard; name = Base; path = Base.lproj/Main.storyboard; sourceTree = "<group>"; };
		34E710F928626BE30028DB94 /* Assets.xcassets */ = {isa = PBXFileReference; lastKnownFileType = folder.assetcatalog; path = Assets.xcassets; sourceTree = "<group>"; };
		34E710FC28626BE30028DB94 /* Base */ = {isa = PBXFileReference; lastKnownFileType = file.storyboard; name = Base; path = Base.lproj/LaunchScreen.storyboard; sourceTree = "<group>"; };
		34E710FE28626BE30028DB94 /* Info.plist */ = {isa = PBXFileReference; lastKnownFileType = text.plist.xml; path = Info.plist; sourceTree = "<group>"; };
		34E7110328626BE30028DB94 /* HotdropDemoTests.xctest */ = {isa = PBXFileReference; explicitFileType = wrapper.cfbundle; includeInIndex = 0; path = HotdropDemoTests.xctest; sourceTree = BUILT_PRODUCTS_DIR; };
		34E7110728626BE30028DB94 /* HotdropDemoTests.swift */ = {isa = PBXFileReference; lastKnownFileType = sourcecode.swift; path = HotdropDemoTests.swift; sourceTree = "<group>"; };
		34E7110D28626BE30028DB94 /* HotdropDemoUITests.xctest */ = {isa = PBXFileReference; explicitFileType = wrapper.cfbundle; includeInIndex = 0; path = HotdropDemoUITests.xctest; sourceTree = BUILT_PRODUCTS_DIR; };
		34E7111128626BE30028DB94 /* HotdropDemoUITests.swift */ = {isa = PBXFileReference; lastKnownFileType = sourcecode.swift; path = HotdropDemoUITests.swift; sourceTree = "<group>"; };
		34E7111328626BE30028DB94 /* HotdropDemoUITestsLaunchTests.swift */ = {isa = PBXFileReference; lastKnownFileType = sourcecode.swift; path = HotdropDemoUITestsLaunchTests.swift; sourceTree = "<group>"; };
		34E71129286270CA0028DB94 /* Giphy.swift */ = {isa = PBXFileReference; lastKnownFileType = sourcecode.swift; path = Giphy.swift; sourceTree = "<group>"; };
		34E7112E2862744C0028DB94 /* APIService.swift */ = {isa = PBXFileReference; lastKnownFileType = sourcecode.swift; path = APIService.swift; sourceTree = "<group>"; };
		34E71130286274A70028DB94 /* Constants.swift */ = {isa = PBXFileReference; lastKnownFileType = sourcecode.swift; path = Constants.swift; sourceTree = "<group>"; };
		34E71132286279D20028DB94 /* GiphyViewModel.swift */ = {isa = PBXFileReference; lastKnownFileType = sourcecode.swift; path = GiphyViewModel.swift; sourceTree = "<group>"; };
		34E7113428627B770028DB94 /* GiphyTableViewDatasource.swift */ = {isa = PBXFileReference; lastKnownFileType = sourcecode.swift; path = GiphyTableViewDatasource.swift; sourceTree = "<group>"; };
		34E7113628627BC10028DB94 /* GiphyViewController.swift */ = {isa = PBXFileReference; lastKnownFileType = sourcecode.swift; path = GiphyViewController.swift; sourceTree = "<group>"; };
		34E7113B28627C390028DB94 /* GiphyTableViewCell.swift */ = {isa = PBXFileReference; lastKnownFileType = sourcecode.swift; path = GiphyTableViewCell.swift; sourceTree = "<group>"; };
		34E7113E286381FF0028DB94 /* GihpyTapCellButtonProtocol.swift */ = {isa = PBXFileReference; lastKnownFileType = sourcecode.swift; path = GihpyTapCellButtonProtocol.swift; sourceTree = "<group>"; };
/* End PBXFileReference section */

/* Begin PBXFrameworksBuildPhase section */
		34E710EA28626BE10028DB94 /* Frameworks */ = {
			isa = PBXFrameworksBuildPhase;
			buildActionMask = 2147483647;
			files = (
				34E7112228626D270028DB94 /* SDWebImageFLPlugin in Frameworks */,
			);
			runOnlyForDeploymentPostprocessing = 0;
		};
		34E7110028626BE30028DB94 /* Frameworks */ = {
			isa = PBXFrameworksBuildPhase;
			buildActionMask = 2147483647;
			files = (
			);
			runOnlyForDeploymentPostprocessing = 0;
		};
		34E7110A28626BE30028DB94 /* Frameworks */ = {
			isa = PBXFrameworksBuildPhase;
			buildActionMask = 2147483647;
			files = (
			);
			runOnlyForDeploymentPostprocessing = 0;
		};
/* End PBXFrameworksBuildPhase section */

/* Begin PBXGroup section */
		34E710E428626BE10028DB94 = {
			isa = PBXGroup;
			children = (
				34E710EF28626BE10028DB94 /* HotdropDemo */,
				34E7110628626BE30028DB94 /* HotdropDemoTests */,
				34E7111028626BE30028DB94 /* HotdropDemoUITests */,
				34E710EE28626BE10028DB94 /* Products */,
			);
			sourceTree = "<group>";
		};
		34E710EE28626BE10028DB94 /* Products */ = {
			isa = PBXGroup;
			children = (
				34E710ED28626BE10028DB94 /* HotdropDemo.app */,
				34E7110328626BE30028DB94 /* HotdropDemoTests.xctest */,
				34E7110D28626BE30028DB94 /* HotdropDemoUITests.xctest */,
			);
			name = Products;
			sourceTree = "<group>";
		};
		34E710EF28626BE10028DB94 /* HotdropDemo */ = {
			isa = PBXGroup;
			children = (
				34E7113928627C120028DB94 /* Views */,
				34E7112B2862741F0028DB94 /* Helpers */,
				34E7112828626D7C0028DB94 /* Model */,
				34E7112728626D760028DB94 /* ViewModels */,
				34E7112628626D6F0028DB94 /* Controllers */,
				34E7112328626D330028DB94 /* Delegate */,
				34E7112428626D470028DB94 /* Storyboards */,
				34E7112528626D560028DB94 /* Resources */,
				34E710FE28626BE30028DB94 /* Info.plist */,
			);
			path = HotdropDemo;
			sourceTree = "<group>";
		};
		34E7110628626BE30028DB94 /* HotdropDemoTests */ = {
			isa = PBXGroup;
			children = (
				34E7110728626BE30028DB94 /* HotdropDemoTests.swift */,
			);
			path = HotdropDemoTests;
			sourceTree = "<group>";
		};
		34E7111028626BE30028DB94 /* HotdropDemoUITests */ = {
			isa = PBXGroup;
			children = (
				34E7111128626BE30028DB94 /* HotdropDemoUITests.swift */,
				34E7111328626BE30028DB94 /* HotdropDemoUITestsLaunchTests.swift */,
			);
			path = HotdropDemoUITests;
			sourceTree = "<group>";
		};
		34E7112328626D330028DB94 /* Delegate */ = {
			isa = PBXGroup;
			children = (
				34E710F228626BE10028DB94 /* SceneDelegate.swift */,
				34E710F028626BE10028DB94 /* AppDelegate.swift */,
			);
			path = Delegate;
			sourceTree = "<group>";
		};
		34E7112428626D470028DB94 /* Storyboards */ = {
			isa = PBXGroup;
			children = (
				34E710F628626BE10028DB94 /* Main.storyboard */,
				34E710FB28626BE30028DB94 /* LaunchScreen.storyboard */,
			);
			path = Storyboards;
			sourceTree = "<group>";
		};
		34E7112528626D560028DB94 /* Resources */ = {
			isa = PBXGroup;
			children = (
				34E710F928626BE30028DB94 /* Assets.xcassets */,
			);
			path = Resources;
			sourceTree = "<group>";
		};
		34E7112628626D6F0028DB94 /* Controllers */ = {
			isa = PBXGroup;
			children = (
				34E7113628627BC10028DB94 /* GiphyViewController.swift */,
				341349D328639424008845A7 /* CreatorDetailsViewController.swift */,
			);
			path = Controllers;
			sourceTree = "<group>";
		};
		34E7112728626D760028DB94 /* ViewModels */ = {
			isa = PBXGroup;
			children = (
				34E71132286279D20028DB94 /* GiphyViewModel.swift */,
				34E7113428627B770028DB94 /* GiphyTableViewDatasource.swift */,
			);
			path = ViewModels;
			sourceTree = "<group>";
		};
		34E7112828626D7C0028DB94 /* Model */ = {
			isa = PBXGroup;
			children = (
				34E71129286270CA0028DB94 /* Giphy.swift */,
			);
			path = Model;
			sourceTree = "<group>";
		};
		34E7112B2862741F0028DB94 /* Helpers */ = {
			isa = PBXGroup;
			children = (
				341349D52863AAD6008845A7 /* roundedlayers.swift */,
				34E7113D286381DA0028DB94 /* Protocol */,
				34E7112D286274370028DB94 /* Constants */,
				34E7112C2862742C0028DB94 /* WebServices */,
			);
			path = Helpers;
			sourceTree = "<group>";
		};
		34E7112C2862742C0028DB94 /* WebServices */ = {
			isa = PBXGroup;
			children = (
				34E7112E2862744C0028DB94 /* APIService.swift */,
			);
			path = WebServices;
			sourceTree = "<group>";
		};
		34E7112D286274370028DB94 /* Constants */ = {
			isa = PBXGroup;
			children = (
				34E71130286274A70028DB94 /* Constants.swift */,
			);
			path = Constants;
			sourceTree = "<group>";
		};
		34E7113928627C120028DB94 /* Views */ = {
			isa = PBXGroup;
			children = (
				34E7113A28627C1B0028DB94 /* TableViewCells */,
			);
			path = Views;
			sourceTree = "<group>";
		};
		34E7113A28627C1B0028DB94 /* TableViewCells */ = {
			isa = PBXGroup;
			children = (
				34E7113B28627C390028DB94 /* GiphyTableViewCell.swift */,
			);
			path = TableViewCells;
			sourceTree = "<group>";
		};
		34E7113D286381DA0028DB94 /* Protocol */ = {
			isa = PBXGroup;
			children = (
				34E7113E286381FF0028DB94 /* GihpyTapCellButtonProtocol.swift */,
			);
			path = Protocol;
			sourceTree = "<group>";
		};
/* End PBXGroup section */

/* Begin PBXNativeTarget section */
		34E710EC28626BE10028DB94 /* HotdropDemo */ = {
			isa = PBXNativeTarget;
			buildConfigurationList = 34E7111728626BE30028DB94 /* Build configuration list for PBXNativeTarget "HotdropDemo" */;
			buildPhases = (
				34E710E928626BE10028DB94 /* Sources */,
				34E710EA28626BE10028DB94 /* Frameworks */,
				34E710EB28626BE10028DB94 /* Resources */,
			);
			buildRules = (
			);
			dependencies = (
			);
			name = HotdropDemo;
			packageProductDependencies = (
				34E7112128626D270028DB94 /* SDWebImageFLPlugin */,
			);
			productName = HotdropDemo;
			productReference = 34E710ED28626BE10028DB94 /* HotdropDemo.app */;
			productType = "com.apple.product-type.application";
		};
		34E7110228626BE30028DB94 /* HotdropDemoTests */ = {
			isa = PBXNativeTarget;
			buildConfigurationList = 34E7111A28626BE30028DB94 /* Build configuration list for PBXNativeTarget "HotdropDemoTests" */;
			buildPhases = (
				34E710FF28626BE30028DB94 /* Sources */,
				34E7110028626BE30028DB94 /* Frameworks */,
				34E7110128626BE30028DB94 /* Resources */,
			);
			buildRules = (
			);
			dependencies = (
				34E7110528626BE30028DB94 /* PBXTargetDependency */,
			);
			name = HotdropDemoTests;
			productName = HotdropDemoTests;
			productReference = 34E7110328626BE30028DB94 /* HotdropDemoTests.xctest */;
			productType = "com.apple.product-type.bundle.unit-test";
		};
		34E7110C28626BE30028DB94 /* HotdropDemoUITests */ = {
			isa = PBXNativeTarget;
			buildConfigurationList = 34E7111D28626BE30028DB94 /* Build configuration list for PBXNativeTarget "HotdropDemoUITests" */;
			buildPhases = (
				34E7110928626BE30028DB94 /* Sources */,
				34E7110A28626BE30028DB94 /* Frameworks */,
				34E7110B28626BE30028DB94 /* Resources */,
			);
			buildRules = (
			);
			dependencies = (
				34E7110F28626BE30028DB94 /* PBXTargetDependency */,
			);
			name = HotdropDemoUITests;
			productName = HotdropDemoUITests;
			productReference = 34E7110D28626BE30028DB94 /* HotdropDemoUITests.xctest */;
			productType = "com.apple.product-type.bundle.ui-testing";
		};
/* End PBXNativeTarget section */

/* Begin PBXProject section */
		34E710E528626BE10028DB94 /* Project object */ = {
			isa = PBXProject;
			attributes = {
				BuildIndependentTargetsInParallel = 1;
				LastSwiftUpdateCheck = 1300;
				LastUpgradeCheck = 1300;
				TargetAttributes = {
					34E710EC28626BE10028DB94 = {
						CreatedOnToolsVersion = 13.0;
					};
					34E7110228626BE30028DB94 = {
						CreatedOnToolsVersion = 13.0;
						TestTargetID = 34E710EC28626BE10028DB94;
					};
					34E7110C28626BE30028DB94 = {
						CreatedOnToolsVersion = 13.0;
						TestTargetID = 34E710EC28626BE10028DB94;
					};
				};
			};
			buildConfigurationList = 34E710E828626BE10028DB94 /* Build configuration list for PBXProject "HotdropDemo" */;
			compatibilityVersion = "Xcode 13.0";
			developmentRegion = en;
			hasScannedForEncodings = 0;
			knownRegions = (
				en,
				Base,
			);
			mainGroup = 34E710E428626BE10028DB94;
			packageReferences = (
				34E7112028626D270028DB94 /* XCRemoteSwiftPackageReference "SDWebImageFLPlugin" */,
			);
			productRefGroup = 34E710EE28626BE10028DB94 /* Products */;
			projectDirPath = "";
			projectRoot = "";
			targets = (
				34E710EC28626BE10028DB94 /* HotdropDemo */,
				34E7110228626BE30028DB94 /* HotdropDemoTests */,
				34E7110C28626BE30028DB94 /* HotdropDemoUITests */,
			);
		};
/* End PBXProject section */

/* Begin PBXResourcesBuildPhase section */
		34E710EB28626BE10028DB94 /* Resources */ = {
			isa = PBXResourcesBuildPhase;
			buildActionMask = 2147483647;
			files = (
				34E710FD28626BE30028DB94 /* LaunchScreen.storyboard in Resources */,
				34E710FA28626BE30028DB94 /* Assets.xcassets in Resources */,
				34E710F828626BE10028DB94 /* Main.storyboard in Resources */,
			);
			runOnlyForDeploymentPostprocessing = 0;
		};
		34E7110128626BE30028DB94 /* Resources */ = {
			isa = PBXResourcesBuildPhase;
			buildActionMask = 2147483647;
			files = (
			);
			runOnlyForDeploymentPostprocessing = 0;
		};
		34E7110B28626BE30028DB94 /* Resources */ = {
			isa = PBXResourcesBuildPhase;
			buildActionMask = 2147483647;
			files = (
			);
			runOnlyForDeploymentPostprocessing = 0;
		};
/* End PBXResourcesBuildPhase section */

/* Begin PBXSourcesBuildPhase section */
		34E710E928626BE10028DB94 /* Sources */ = {
			isa = PBXSourcesBuildPhase;
			buildActionMask = 2147483647;
			files = (
				34E71131286274A70028DB94 /* Constants.swift in Sources */,
				341349D428639424008845A7 /* CreatorDetailsViewController.swift in Sources */,
				34E7112A286270CA0028DB94 /* Giphy.swift in Sources */,
				34E71133286279D20028DB94 /* GiphyViewModel.swift in Sources */,
				34E7112F2862744D0028DB94 /* APIService.swift in Sources */,
				34E7113728627BC10028DB94 /* GiphyViewController.swift in Sources */,
				34E710F128626BE10028DB94 /* AppDelegate.swift in Sources */,
				341349D62863AAD6008845A7 /* roundedlayers.swift in Sources */,
				34E710F328626BE10028DB94 /* SceneDelegate.swift in Sources */,
				34E7113528627B780028DB94 /* GiphyTableViewDatasource.swift in Sources */,
				34E7113F286381FF0028DB94 /* GihpyTapCellButtonProtocol.swift in Sources */,
				34E7113C28627C390028DB94 /* GiphyTableViewCell.swift in Sources */,
			);
			runOnlyForDeploymentPostprocessing = 0;
		};
		34E710FF28626BE30028DB94 /* Sources */ = {
			isa = PBXSourcesBuildPhase;
			buildActionMask = 2147483647;
			files = (
				34E7110828626BE30028DB94 /* HotdropDemoTests.swift in Sources */,
			);
			runOnlyForDeploymentPostprocessing = 0;
		};
		34E7110928626BE30028DB94 /* Sources */ = {
			isa = PBXSourcesBuildPhase;
			buildActionMask = 2147483647;
			files = (
				34E7111428626BE30028DB94 /* HotdropDemoUITestsLaunchTests.swift in Sources */,
				34E7111228626BE30028DB94 /* HotdropDemoUITests.swift in Sources */,
			);
			runOnlyForDeploymentPostprocessing = 0;
		};
/* End PBXSourcesBuildPhase section */

/* Begin PBXTargetDependency section */
		34E7110528626BE30028DB94 /* PBXTargetDependency */ = {
			isa = PBXTargetDependency;
			target = 34E710EC28626BE10028DB94 /* HotdropDemo */;
			targetProxy = 34E7110428626BE30028DB94 /* PBXContainerItemProxy */;
		};
		34E7110F28626BE30028DB94 /* PBXTargetDependency */ = {
			isa = PBXTargetDependency;
			target = 34E710EC28626BE10028DB94 /* HotdropDemo */;
			targetProxy = 34E7110E28626BE30028DB94 /* PBXContainerItemProxy */;
		};
/* End PBXTargetDependency section */

/* Begin PBXVariantGroup section */
		34E710F628626BE10028DB94 /* Main.storyboard */ = {
			isa = PBXVariantGroup;
			children = (
				34E710F728626BE10028DB94 /* Base */,
			);
			name = Main.storyboard;
			sourceTree = "<group>";
		};
		34E710FB28626BE30028DB94 /* LaunchScreen.storyboard */ = {
			isa = PBXVariantGroup;
			children = (
				34E710FC28626BE30028DB94 /* Base */,
			);
			name = LaunchScreen.storyboard;
			sourceTree = "<group>";
		};
/* End PBXVariantGroup section */

/* Begin XCBuildConfiguration section */
		34E7111528626BE30028DB94 /* Debug */ = {
			isa = XCBuildConfiguration;
			buildSettings = {
				ALWAYS_SEARCH_USER_PATHS = NO;
				CLANG_ANALYZER_NONNULL = YES;
				CLANG_ANALYZER_NUMBER_OBJECT_CONVERSION = YES_AGGRESSIVE;
				CLANG_CXX_LANGUAGE_STANDARD = "gnu++17";
				CLANG_CXX_LIBRARY = "libc++";
				CLANG_ENABLE_MODULES = YES;
				CLANG_ENABLE_OBJC_ARC = YES;
				CLANG_ENABLE_OBJC_WEAK = YES;
				CLANG_WARN_BLOCK_CAPTURE_AUTORELEASING = YES;
				CLANG_WARN_BOOL_CONVERSION = YES;
				CLANG_WARN_COMMA = YES;
				CLANG_WARN_CONSTANT_CONVERSION = YES;
				CLANG_WARN_DEPRECATED_OBJC_IMPLEMENTATIONS = YES;
				CLANG_WARN_DIRECT_OBJC_ISA_USAGE = YES_ERROR;
				CLANG_WARN_DOCUMENTATION_COMMENTS = YES;
				CLANG_WARN_EMPTY_BODY = YES;
				CLANG_WARN_ENUM_CONVERSION = YES;
				CLANG_WARN_INFINITE_RECURSION = YES;
				CLANG_WARN_INT_CONVERSION = YES;
				CLANG_WARN_NON_LITERAL_NULL_CONVERSION = YES;
				CLANG_WARN_OBJC_IMPLICIT_RETAIN_SELF = YES;
				CLANG_WARN_OBJC_LITERAL_CONVERSION = YES;
				CLANG_WARN_OBJC_ROOT_CLASS = YES_ERROR;
				CLANG_WARN_QUOTED_INCLUDE_IN_FRAMEWORK_HEADER = YES;
				CLANG_WARN_RANGE_LOOP_ANALYSIS = YES;
				CLANG_WARN_STRICT_PROTOTYPES = YES;
				CLANG_WARN_SUSPICIOUS_MOVE = YES;
				CLANG_WARN_UNGUARDED_AVAILABILITY = YES_AGGRESSIVE;
				CLANG_WARN_UNREACHABLE_CODE = YES;
				CLANG_WARN__DUPLICATE_METHOD_MATCH = YES;
				COPY_PHASE_STRIP = NO;
				DEBUG_INFORMATION_FORMAT = dwarf;
				ENABLE_STRICT_OBJC_MSGSEND = YES;
				ENABLE_TESTABILITY = YES;
				GCC_C_LANGUAGE_STANDARD = gnu11;
				GCC_DYNAMIC_NO_PIC = NO;
				GCC_NO_COMMON_BLOCKS = YES;
				GCC_OPTIMIZATION_LEVEL = 0;
				GCC_PREPROCESSOR_DEFINITIONS = (
					"DEBUG=1",
					"$(inherited)",
				);
				GCC_WARN_64_TO_32_BIT_CONVERSION = YES;
				GCC_WARN_ABOUT_RETURN_TYPE = YES_ERROR;
				GCC_WARN_UNDECLARED_SELECTOR = YES;
				GCC_WARN_UNINITIALIZED_AUTOS = YES_AGGRESSIVE;
				GCC_WARN_UNUSED_FUNCTION = YES;
				GCC_WARN_UNUSED_VARIABLE = YES;
				IPHONEOS_DEPLOYMENT_TARGET = 15.0;
				MTL_ENABLE_DEBUG_INFO = INCLUDE_SOURCE;
				MTL_FAST_MATH = YES;
				ONLY_ACTIVE_ARCH = YES;
				SDKROOT = iphoneos;
				SWIFT_ACTIVE_COMPILATION_CONDITIONS = DEBUG;
				SWIFT_OPTIMIZATION_LEVEL = "-Onone";
			};
			name = Debug;
		};
		34E7111628626BE30028DB94 /* Release */ = {
			isa = XCBuildConfiguration;
			buildSettings = {
				ALWAYS_SEARCH_USER_PATHS = NO;
				CLANG_ANALYZER_NONNULL = YES;
				CLANG_ANALYZER_NUMBER_OBJECT_CONVERSION = YES_AGGRESSIVE;
				CLANG_CXX_LANGUAGE_STANDARD = "gnu++17";
				CLANG_CXX_LIBRARY = "libc++";
				CLANG_ENABLE_MODULES = YES;
				CLANG_ENABLE_OBJC_ARC = YES;
				CLANG_ENABLE_OBJC_WEAK = YES;
				CLANG_WARN_BLOCK_CAPTURE_AUTORELEASING = YES;
				CLANG_WARN_BOOL_CONVERSION = YES;
				CLANG_WARN_COMMA = YES;
				CLANG_WARN_CONSTANT_CONVERSION = YES;
				CLANG_WARN_DEPRECATED_OBJC_IMPLEMENTATIONS = YES;
				CLANG_WARN_DIRECT_OBJC_ISA_USAGE = YES_ERROR;
				CLANG_WARN_DOCUMENTATION_COMMENTS = YES;
				CLANG_WARN_EMPTY_BODY = YES;
				CLANG_WARN_ENUM_CONVERSION = YES;
				CLANG_WARN_INFINITE_RECURSION = YES;
				CLANG_WARN_INT_CONVERSION = YES;
				CLANG_WARN_NON_LITERAL_NULL_CONVERSION = YES;
				CLANG_WARN_OBJC_IMPLICIT_RETAIN_SELF = YES;
				CLANG_WARN_OBJC_LITERAL_CONVERSION = YES;
				CLANG_WARN_OBJC_ROOT_CLASS = YES_ERROR;
				CLANG_WARN_QUOTED_INCLUDE_IN_FRAMEWORK_HEADER = YES;
				CLANG_WARN_RANGE_LOOP_ANALYSIS = YES;
				CLANG_WARN_STRICT_PROTOTYPES = YES;
				CLANG_WARN_SUSPICIOUS_MOVE = YES;
				CLANG_WARN_UNGUARDED_AVAILABILITY = YES_AGGRESSIVE;
				CLANG_WARN_UNREACHABLE_CODE = YES;
				CLANG_WARN__DUPLICATE_METHOD_MATCH = YES;
				COPY_PHASE_STRIP = NO;
				DEBUG_INFORMATION_FORMAT = "dwarf-with-dsym";
				ENABLE_NS_ASSERTIONS = NO;
				ENABLE_STRICT_OBJC_MSGSEND = YES;
				GCC_C_LANGUAGE_STANDARD = gnu11;
				GCC_NO_COMMON_BLOCKS = YES;
				GCC_WARN_64_TO_32_BIT_CONVERSION = YES;
				GCC_WARN_ABOUT_RETURN_TYPE = YES_ERROR;
				GCC_WARN_UNDECLARED_SELECTOR = YES;
				GCC_WARN_UNINITIALIZED_AUTOS = YES_AGGRESSIVE;
				GCC_WARN_UNUSED_FUNCTION = YES;
				GCC_WARN_UNUSED_VARIABLE = YES;
				IPHONEOS_DEPLOYMENT_TARGET = 15.0;
				MTL_ENABLE_DEBUG_INFO = NO;
				MTL_FAST_MATH = YES;
				SDKROOT = iphoneos;
				SWIFT_COMPILATION_MODE = wholemodule;
				SWIFT_OPTIMIZATION_LEVEL = "-O";
				VALIDATE_PRODUCT = YES;
			};
			name = Release;
		};
		34E7111828626BE30028DB94 /* Debug */ = {
			isa = XCBuildConfiguration;
			buildSettings = {
				ASSETCATALOG_COMPILER_APPICON_NAME = AppIcon;
				ASSETCATALOG_COMPILER_GLOBAL_ACCENT_COLOR_NAME = AccentColor;
				CODE_SIGN_STYLE = Automatic;
				CURRENT_PROJECT_VERSION = 1;
				GENERATE_INFOPLIST_FILE = YES;
				INFOPLIST_FILE = HotdropDemo/Info.plist;
				INFOPLIST_KEY_UIApplicationSupportsIndirectInputEvents = YES;
				INFOPLIST_KEY_UILaunchStoryboardName = LaunchScreen;
				INFOPLIST_KEY_UIMainStoryboardFile = Main;
				INFOPLIST_KEY_UISupportedInterfaceOrientations_iPad = "UIInterfaceOrientationPortrait UIInterfaceOrientationPortraitUpsideDown UIInterfaceOrientationLandscapeLeft UIInterfaceOrientationLandscapeRight";
				INFOPLIST_KEY_UISupportedInterfaceOrientations_iPhone = "UIInterfaceOrientationPortrait UIInterfaceOrientationLandscapeLeft UIInterfaceOrientationLandscapeRight";
				LD_RUNPATH_SEARCH_PATHS = (
					"$(inherited)",
					"@executable_path/Frameworks",
				);
				MARKETING_VERSION = 1.0;
				PRODUCT_BUNDLE_IDENTIFIER = com.app.HotdropDemo;
				PRODUCT_NAME = "$(TARGET_NAME)";
				SWIFT_EMIT_LOC_STRINGS = YES;
				SWIFT_VERSION = 5.0;
				TARGETED_DEVICE_FAMILY = "1,2";
			};
			name = Debug;
		};
		34E7111928626BE30028DB94 /* Release */ = {
			isa = XCBuildConfiguration;
			buildSettings = {
				ASSETCATALOG_COMPILER_APPICON_NAME = AppIcon;
				ASSETCATALOG_COMPILER_GLOBAL_ACCENT_COLOR_NAME = AccentColor;
				CODE_SIGN_STYLE = Automatic;
				CURRENT_PROJECT_VERSION = 1;
				GENERATE_INFOPLIST_FILE = YES;
				INFOPLIST_FILE = HotdropDemo/Info.plist;
				INFOPLIST_KEY_UIApplicationSupportsIndirectInputEvents = YES;
				INFOPLIST_KEY_UILaunchStoryboardName = LaunchScreen;
				INFOPLIST_KEY_UIMainStoryboardFile = Main;
				INFOPLIST_KEY_UISupportedInterfaceOrientations_iPad = "UIInterfaceOrientationPortrait UIInterfaceOrientationPortraitUpsideDown UIInterfaceOrientationLandscapeLeft UIInterfaceOrientationLandscapeRight";
				INFOPLIST_KEY_UISupportedInterfaceOrientations_iPhone = "UIInterfaceOrientationPortrait UIInterfaceOrientationLandscapeLeft UIInterfaceOrientationLandscapeRight";
				LD_RUNPATH_SEARCH_PATHS = (
					"$(inherited)",
					"@executable_path/Frameworks",
				);
				MARKETING_VERSION = 1.0;
				PRODUCT_BUNDLE_IDENTIFIER = com.app.HotdropDemo;
				PRODUCT_NAME = "$(TARGET_NAME)";
				SWIFT_EMIT_LOC_STRINGS = YES;
				SWIFT_VERSION = 5.0;
				TARGETED_DEVICE_FAMILY = "1,2";
			};
			name = Release;
		};
		34E7111B28626BE30028DB94 /* Debug */ = {
			isa = XCBuildConfiguration;
			buildSettings = {
				ALWAYS_EMBED_SWIFT_STANDARD_LIBRARIES = YES;
				BUNDLE_LOADER = "$(TEST_HOST)";
				CODE_SIGN_STYLE = Automatic;
				CURRENT_PROJECT_VERSION = 1;
				GENERATE_INFOPLIST_FILE = YES;
				IPHONEOS_DEPLOYMENT_TARGET = 15.0;
				LD_RUNPATH_SEARCH_PATHS = (
					"$(inherited)",
					"@executable_path/Frameworks",
					"@loader_path/Frameworks",
				);
				MARKETING_VERSION = 1.0;
				PRODUCT_BUNDLE_IDENTIFIER = com.app.HotdropDemoTests;
				PRODUCT_NAME = "$(TARGET_NAME)";
				SWIFT_EMIT_LOC_STRINGS = NO;
				SWIFT_VERSION = 5.0;
				TARGETED_DEVICE_FAMILY = "1,2";
				TEST_HOST = "$(BUILT_PRODUCTS_DIR)/HotdropDemo.app/HotdropDemo";
			};
			name = Debug;
		};
		34E7111C28626BE30028DB94 /* Release */ = {
			isa = XCBuildConfiguration;
			buildSettings = {
				ALWAYS_EMBED_SWIFT_STANDARD_LIBRARIES = YES;
				BUNDLE_LOADER = "$(TEST_HOST)";
				CODE_SIGN_STYLE = Automatic;
				CURRENT_PROJECT_VERSION = 1;
				GENERATE_INFOPLIST_FILE = YES;
				IPHONEOS_DEPLOYMENT_TARGET = 15.0;
				LD_RUNPATH_SEARCH_PATHS = (
					"$(inherited)",
					"@executable_path/Frameworks",
					"@loader_path/Frameworks",
				);
				MARKETING_VERSION = 1.0;
				PRODUCT_BUNDLE_IDENTIFIER = com.app.HotdropDemoTests;
				PRODUCT_NAME = "$(TARGET_NAME)";
				SWIFT_EMIT_LOC_STRINGS = NO;
				SWIFT_VERSION = 5.0;
				TARGETED_DEVICE_FAMILY = "1,2";
				TEST_HOST = "$(BUILT_PRODUCTS_DIR)/HotdropDemo.app/HotdropDemo";
			};
			name = Release;
		};
		34E7111E28626BE30028DB94 /* Debug */ = {
			isa = XCBuildConfiguration;
			buildSettings = {
				ALWAYS_EMBED_SWIFT_STANDARD_LIBRARIES = YES;
				CODE_SIGN_STYLE = Automatic;
				CURRENT_PROJECT_VERSION = 1;
				GENERATE_INFOPLIST_FILE = YES;
				LD_RUNPATH_SEARCH_PATHS = (
					"$(inherited)",
					"@executable_path/Frameworks",
					"@loader_path/Frameworks",
				);
				MARKETING_VERSION = 1.0;
				PRODUCT_BUNDLE_IDENTIFIER = com.app.HotdropDemoUITests;
				PRODUCT_NAME = "$(TARGET_NAME)";
				SWIFT_EMIT_LOC_STRINGS = NO;
				SWIFT_VERSION = 5.0;
				TARGETED_DEVICE_FAMILY = "1,2";
				TEST_TARGET_NAME = HotdropDemo;
			};
			name = Debug;
		};
		34E7111F28626BE30028DB94 /* Release */ = {
			isa = XCBuildConfiguration;
			buildSettings = {
				ALWAYS_EMBED_SWIFT_STANDARD_LIBRARIES = YES;
				CODE_SIGN_STYLE = Automatic;
				CURRENT_PROJECT_VERSION = 1;
				GENERATE_INFOPLIST_FILE = YES;
				LD_RUNPATH_SEARCH_PATHS = (
					"$(inherited)",
					"@executable_path/Frameworks",
					"@loader_path/Frameworks",
				);
				MARKETING_VERSION = 1.0;
				PRODUCT_BUNDLE_IDENTIFIER = com.app.HotdropDemoUITests;
				PRODUCT_NAME = "$(TARGET_NAME)";
				SWIFT_EMIT_LOC_STRINGS = NO;
				SWIFT_VERSION = 5.0;
				TARGETED_DEVICE_FAMILY = "1,2";
				TEST_TARGET_NAME = HotdropDemo;
			};
			name = Release;
		};
/* End XCBuildConfiguration section */

/* Begin XCConfigurationList section */
		34E710E828626BE10028DB94 /* Build configuration list for PBXProject "HotdropDemo" */ = {
			isa = XCConfigurationList;
			buildConfigurations = (
				34E7111528626BE30028DB94 /* Debug */,
				34E7111628626BE30028DB94 /* Release */,
			);
			defaultConfigurationIsVisible = 0;
			defaultConfigurationName = Release;
		};
		34E7111728626BE30028DB94 /* Build configuration list for PBXNativeTarget "HotdropDemo" */ = {
			isa = XCConfigurationList;
			buildConfigurations = (
				34E7111828626BE30028DB94 /* Debug */,
				34E7111928626BE30028DB94 /* Release */,
			);
			defaultConfigurationIsVisible = 0;
			defaultConfigurationName = Release;
		};
		34E7111A28626BE30028DB94 /* Build configuration list for PBXNativeTarget "HotdropDemoTests" */ = {
			isa = XCConfigurationList;
			buildConfigurations = (
				34E7111B28626BE30028DB94 /* Debug */,
				34E7111C28626BE30028DB94 /* Release */,
			);
			defaultConfigurationIsVisible = 0;
			defaultConfigurationName = Release;
		};
		34E7111D28626BE30028DB94 /* Build configuration list for PBXNativeTarget "HotdropDemoUITests" */ = {
			isa = XCConfigurationList;
			buildConfigurations = (
				34E7111E28626BE30028DB94 /* Debug */,
				34E7111F28626BE30028DB94 /* Release */,
			);
			defaultConfigurationIsVisible = 0;
			defaultConfigurationName = Release;
		};
/* End XCConfigurationList section */

/* Begin XCRemoteSwiftPackageReference section */
		34E7112028626D270028DB94 /* XCRemoteSwiftPackageReference "SDWebImageFLPlugin" */ = {
			isa = XCRemoteSwiftPackageReference;
			repositoryURL = "https://github.com/SDWebImage/SDWebImageFLPlugin.git";
			requirement = {
				kind = upToNextMajorVersion;
				minimumVersion = 0.6.0;
			};
		};
/* End XCRemoteSwiftPackageReference section */

/* Begin XCSwiftPackageProductDependency section */
		34E7112128626D270028DB94 /* SDWebImageFLPlugin */ = {
			isa = XCSwiftPackageProductDependency;
			package = 34E7112028626D270028DB94 /* XCRemoteSwiftPackageReference "SDWebImageFLPlugin" */;
			productName = SDWebImageFLPlugin;
		};
/* End XCSwiftPackageProductDependency section */
	};
	rootObject = 34E710E528626BE10028DB94 /* Project object */;
}
